{
  "name": "textgame",
  "version": "0.0.1",
  "lockfileVersion": 1,
  "requires": true,
  "dependencies": {
    "jquery": {
      "version": "3.3.1",
      "resolved": "https://registry.npmjs.org/jquery/-/jquery-3.3.1.tgz",
      "integrity": "sha512-Ubldcmxp5np52/ENotGxlLe6aGMvmF4R8S6tZjsP6Knsaxd/xp3Zrh50cG93lR6nPXyUFwzN3ZSOQI0wRJNdGg=="
    },
    "kotlin": {
      "version": "1.2.31",
      "resolved": "https://registry.npmjs.org/kotlin/-/kotlin-1.2.31.tgz",
      "integrity": "sha1-1Fb8HvIvXI2rZIadl8bRgx5s0zk="
    },
    "textgame-core": {
      "version": "file:lib/textgame-core",
      "requires": {
        "kotlin": "1.2.41"
      },
      "dependencies": {
        "kotlin": {
          "version": "1.2.41",
          "bundled": true
        }
      }
    },
    "tg-common": {
      "version": "file:lib/tg-common",
      "requires": {
        "kotlin": "1.2.31"
      }
    }
  }
}
